Microsoft Visual Studio Solution File, Format Version 12.00
# Visual Studio Version 17
VisualStudioVersion = 17.0.31611.283
MinimumVisualStudioVersion = 10.0.40219.1
Project("{9A19103F-16F7-4668-BE54-9A1E7A4F7556}") = "OpenShogi.App", "OpenShogi.App\OpenShogi.App.csproj", "{8237C621-9757-415E-A6D3-4F9BD5AD95C4}"
EndProject
Project("{FAE04EC0-301F-11D3-BF4B-00C04F79EFBC}") = "OpenShogi.Models", "OpenShogi.Models\OpenShogi.Models.csproj", "{747D7B78-71D0-4B7E-B271-4AEE9832C530}"
EndProject
Global
	GlobalSection(SolutionConfigurationPlatforms) = preSolution
		Debug|Any CPU = Debug|Any CPU
		Release|Any CPU = Release|Any CPU
	EndGlobalSection
	GlobalSection(ProjectConfigurationPlatforms) = postSolution
		{8237C621-9757-415E-A6D3-4F9BD5AD95C4}.Debug|Any CPU.ActiveCfg = Debug|Any CPU
		{8237C621-9757-415E-A6D3-4F9BD5AD95C4}.Debug|Any CPU.Build.0 = Debug|Any CPU
		{8237C621-9757-415E-A6D3-4F9BD5AD95C4}.Debug|Any CPU.Deploy.0 = Debug|Any CPU
		{8237C621-9757-415E-A6D3-4F9BD5AD95C4}.Release|Any CPU.ActiveCfg = Release|Any CPU
		{8237C621-9757-415E-A6D3-4F9BD5AD95C4}.Release|Any CPU.Build.0 = Release|Any CPU
		{8237C621-9757-415E-A6D3-4F9BD5AD95C4}.Release|Any CPU.Deploy.0 = Release|Any CPU
		{747D7B78-71D0-4B7E-B271-4AEE9832C530}.Debug|Any CPU.ActiveCfg = Debug|Any CPU
		{747D7B78-71D0-4B7E-B271-4AEE9832C530}.Debug|Any CPU.Build.0 = Debug|Any CPU
		{747D7B78-71D0-4B7E-B271-4AEE9832C530}.Release|Any CPU.ActiveCfg = Release|Any CPU
		{747D7B78-71D0-4B7E-B271-4AEE9832C530}.Release|Any CPU.Build.0 = Release|Any CPU
	EndGlobalSection
	GlobalSection(SolutionProperties) = preSolution
		HideSolutionNode = FALSE
	EndGlobalSection
	GlobalSection(ExtensibilityGlobals) = postSolution
		        SolutionGuid = {61F7FB11-1E47-470C-91E2-47F8143E1572}
		SolutionGuid = {D0E5A888-41BF-45AC-9B8D-EA4BDFFC98D5}
	EndGlobalSection
EndGlobal
